
Microsoft Visual Studio Solution File, Format Version 12.00
# Visual Studio 15
VisualStudioVersion = 15.0.27703.2035
MinimumVisualStudioVersion = 10.0.40219.1
Project("{FAE04EC0-301F-11D3-BF4B-00C04F79EFBC}") = "Justin.Updater.Server", "Server\Justin.Updater.Server.csproj", "{A755CD51-FC4A-42F8-86F2-ECAD097C8AB5}"
EndProject
Project("{FAE04EC0-301F-11D3-BF4B-00C04F79EFBC}") = "Justin.Updater.Client", "Client\Justin.Updater.Client.csproj", "{55C68AED-CFA9-4051-97E3-9669C08F1789}"
EndProject
Global
	GlobalSection(SolutionConfigurationPlatforms) = preSolution
		Debug|Any CPU = Debug|Any CPU
		Release|Any CPU = Release|Any CPU
	EndGlobalSection
	GlobalSection(ProjectConfigurationPlatforms) = postSolution
		{A755CD51-FC4A-42F8-86F2-ECAD097C8AB5}.Debug|Any CPU.ActiveCfg = Debug|Any CPU
		{A755CD51-FC4A-42F8-86F2-ECAD097C8AB5}.Debug|Any CPU.Build.0 = Debug|Any CPU
		{A755CD51-FC4A-42F8-86F2-ECAD097C8AB5}.Release|Any CPU.ActiveCfg = Release|Any CPU
		{A755CD51-FC4A-42F8-86F2-ECAD097C8AB5}.Release|Any CPU.Build.0 = Release|Any CPU
		{55C68AED-CFA9-4051-97E3-9669C08F1789}.Debug|Any CPU.ActiveCfg = Debug|Any CPU
		{55C68AED-CFA9-4051-97E3-9669C08F1789}.Debug|Any CPU.Build.0 = Debug|Any CPU
		{55C68AED-CFA9-4051-97E3-9669C08F1789}.Release|Any CPU.ActiveCfg = Release|Any CPU
		{55C68AED-CFA9-4051-97E3-9669C08F1789}.Release|Any CPU.Build.0 = Release|Any CPU
	EndGlobalSection
	GlobalSection(SolutionProperties) = preSolution
		HideSolutionNode = FALSE
	EndGlobalSection
	GlobalSection(ExtensibilityGlobals) = postSolution
		SolutionGuid = {CB6F7C39-C6A5-4C04-98E0-E9F75EA62AC4}
	EndGlobalSection
EndGlobal
